Microsoft Visual Studio Solution File, Format Version 12.00
# Visual Studio Version 16
VisualStudioVersion = 16.0.28721.148
MinimumVisualStudioVersion = 16.0.28721.148
Project("{2150E333-8FDC-42A3-9474-1A3956D46DE8}") = "Solution Items", "Solution Items", "{2745D9FA-8583-434A-87D8-9A8BC11F5B0B}"
	ProjectSection(SolutionItems) = preProject
		.editorconfig = .editorconfig
		appveyor.yml = appveyor.yml
		Directory.Build.props = Directory.Build.props
		..\mdsource\readme.source.md = ..\mdsource\readme.source.md
	EndProjectSection
EndProject
Project("{9A19103F-16F7-4668-BE54-9A1E7A4F7556}") = "EfLocalDb", "EfLocalDb\EfLocalDb.csproj", "{92E64F4E-6A8E-43C2-9C8D-694E0327BEF0}"
EndProject
Project("{9A19103F-16F7-4668-BE54-9A1E7A4F7556}") = "LocalDb", "LocalDb\LocalDb.csproj", "{1B768E71-B415-49D5-8E8E-17B1374F860E}"
EndProject
Project("{9A19103F-16F7-4668-BE54-9A1E7A4F7556}") = "EfLocalDb.Tests", "EfLocalDb.Tests\EfLocalDb.Tests.csproj", "{DFB99E96-CE57-4C53-931A-AE432BDE7C9B}"
EndProject
Project("{9A19103F-16F7-4668-BE54-9A1E7A4F7556}") = "LocalDb.Tests", "LocalDb.Tests\LocalDb.Tests.csproj", "{8E80940A-8FD0-4C4F-AD5C-97F8D2944FEF}"
EndProject
Project("{9A19103F-16F7-4668-BE54-9A1E7A4F7556}") = "Helpers", "Helpers\Helpers.csproj", "{165F4A44-6DB6-46DF-B3E7-F134CEEF5CB4}"
EndProject
Global
	GlobalSection(SolutionConfigurationPlatforms) = preSolution
		Debug|Any CPU = Debug|Any CPU
		Release|Any CPU = Release|Any CPU
	EndGlobalSection
	GlobalSection(ProjectConfigurationPlatforms) = postSolution
		{92E64F4E-6A8E-43C2-9C8D-694E0327BEF0}.Debug|Any CPU.ActiveCfg = Debug|Any CPU
		{92E64F4E-6A8E-43C2-9C8D-694E0327BEF0}.Debug|Any CPU.Build.0 = Debug|Any CPU
		{92E64F4E-6A8E-43C2-9C8D-694E0327BEF0}.Release|Any CPU.ActiveCfg = Release|Any CPU
		{92E64F4E-6A8E-43C2-9C8D-694E0327BEF0}.Release|Any CPU.Build.0 = Release|Any CPU
		{1B768E71-B415-49D5-8E8E-17B1374F860E}.Debug|Any CPU.ActiveCfg = Debug|Any CPU
		{1B768E71-B415-49D5-8E8E-17B1374F860E}.Debug|Any CPU.Build.0 = Debug|Any CPU
		{1B768E71-B415-49D5-8E8E-17B1374F860E}.Release|Any CPU.ActiveCfg = Release|Any CPU
		{1B768E71-B415-49D5-8E8E-17B1374F860E}.Release|Any CPU.Build.0 = Release|Any CPU
		{DFB99E96-CE57-4C53-931A-AE432BDE7C9B}.Debug|Any CPU.ActiveCfg = Debug|Any CPU
		{DFB99E96-CE57-4C53-931A-AE432BDE7C9B}.Debug|Any CPU.Build.0 = Debug|Any CPU
		{DFB99E96-CE57-4C53-931A-AE432BDE7C9B}.Release|Any CPU.ActiveCfg = Release|Any CPU
		{DFB99E96-CE57-4C53-931A-AE432BDE7C9B}.Release|Any CPU.Build.0 = Release|Any CPU
		{8E80940A-8FD0-4C4F-AD5C-97F8D2944FEF}.Debug|Any CPU.ActiveCfg = Debug|Any CPU
		{8E80940A-8FD0-4C4F-AD5C-97F8D2944FEF}.Debug|Any CPU.Build.0 = Debug|Any CPU
		{8E80940A-8FD0-4C4F-AD5C-97F8D2944FEF}.Release|Any CPU.ActiveCfg = Release|Any CPU
		{8E80940A-8FD0-4C4F-AD5C-97F8D2944FEF}.Release|Any CPU.Build.0 = Release|Any CPU
		{165F4A44-6DB6-46DF-B3E7-F134CEEF5CB4}.Debug|Any CPU.ActiveCfg = Debug|Any CPU
		{165F4A44-6DB6-46DF-B3E7-F134CEEF5CB4}.Debug|Any CPU.Build.0 = Debug|Any CPU
		{165F4A44-6DB6-46DF-B3E7-F134CEEF5CB4}.Release|Any CPU.ActiveCfg = Release|Any CPU
		{165F4A44-6DB6-46DF-B3E7-F134CEEF5CB4}.Release|Any CPU.Build.0 = Release|Any CPU
	EndGlobalSection
	GlobalSection(SolutionProperties) = preSolution
		HideSolutionNode = FALSE
	EndGlobalSection
	GlobalSection(ExtensibilityGlobals) = postSolution
		SolutionGuid = {A9DBE1FD-2601-4F67-B85B-CE26A668FA05}
	EndGlobalSection
EndGlobal
